<?xml version="1.0" encoding="UTF-8" standalone="yes" ?>
<CodeBlocks_project_file>
	<FileVersion major="1" minor="6" />
	<Project>
		<Option title="GROSS" />
		<Option pch_mode="2" />
		<Option compiler="gnu_gcc_compiler_491_posix_seh" />
		<Build>
			<Target title="Debug">
				<Option output="bin/Debug/GROSS" prefix_auto="1" extension_auto="1" />
				<Option object_output="obj/Debug/" />
				<Option type="1" />
				<Option compiler="gnu_gcc_compiler_491_posix_seh" />
				<Option parameters="test.txt" />
				<Compiler>
					<Add option="-g" />
					<Add directory="src/process" />
				</Compiler>
			</Target>
			<Target title="Release">
				<Option output="bin/Release/GROSS" prefix_auto="1" extension_auto="1" />
				<Option object_output="obj/Release/" />
				<Option type="1" />
				<Option compiler="gnu_gcc_compiler_491_posix_seh" />
				<Compiler>
					<Add option="-O2" />
					<Add directory="src/process" />
				</Compiler>
				<Linker>
					<Add option="-s" />
				</Linker>
			</Target>
		</Build>
		<Compiler>
			<Add option="-Wnon-virtual-dtor" />
			<Add option="-Winit-self" />
			<Add option="-Wcast-align" />
			<Add option="-Wundef" />
			<Add option="-Wfloat-equal" />
			<Add option="-Winline" />
			<Add option="-Wunreachable-code" />
			<Add option="-Wmissing-declarations" />
			<Add option="-Wmissing-include-dirs" />
			<Add option="-Wswitch-enum" />
			<Add option="-Weffc++" />
			<Add option="-Wmain" />
			<Add option="-pedantic" />
			<Add option="-Wzero-as-null-pointer-constant" />
			<Add option="-Wextra" />
			<Add option="-Wall" />
			<Add option="-fexceptions" />
			<Add option="-std=c++1y" />
		</Compiler>
		<Linker>
			<Add option="-static" />
			<Add option="-static-libgcc" />
			<Add option="-static-libstdc++" />
		</Linker>
		<ExtraCommands>
			<Add after='cmd /c copy &quot;$(PROJECT_DIR)$(TARGET_OUTPUT_FILE)&quot; $(PROJECT_DIR)test\GROSS.exe&quot;' />
			<Mode after="always" />
		</ExtraCommands>
		<Unit filename="src/main.cpp" />
		<Unit filename="src/process/instruction.cpp" />
		<Unit filename="src/process/instruction.h" />
		<Unit filename="src/process/process.cpp" />
		<Unit filename="src/process/process.h" />
		<Unit filename="src/process/program.cpp" />
		<Unit filename="src/process/program.h" />
		<Unit filename="src/util/console.cpp" />
		<Unit filename="src/util/console.h" />
		<Unit filename="src/util/sleep.cpp" />
		<Unit filename="src/util/sleep.h" />
		<Extensions>
			<code_completion />
			<envvars />
			<debugger />
			<lib_finder disable_auto="1" />
		</Extensions>
	</Project>
</CodeBlocks_project_file>
